// !$*UTF8*$!
{
	archiveVersion = 1;
	classes = {
	};
	objectVersion = 48;
	objects = {

/* Begin PBXBuildFile section */
		D7BC16422062831100ECABFD /* AppDelegate.m in Sources */ = {isa = PBXBuildFile; fileRef = D7BC16412062831100ECABFD /* AppDelegate.m */; };
		D7BC16452062831100ECABFD /* ViewController.m in Sources */ = {isa = PBXBuildFile; fileRef = D7BC16442062831100ECABFD /* ViewController.m */; };
		D7BC16482062831100ECABFD /* Main.storyboard in Resources */ = {isa = PBXBuildFile; fileRef = D7BC16462062831100ECABFD /* Main.storyboard */; };
		D7BC164A2062831100ECABFD /* Assets.xcassets in Resources */ = {isa = PBXBuildFile; fileRef = D7BC16492062831100ECABFD /* Assets.xcassets */; };
		D7BC164D2062831100ECABFD /* LaunchScreen.storyboard in Resources */ = {isa = PBXBuildFile; fileRef = D7BC164B2062831100ECABFD /* LaunchScreen.storyboard */; };
		D7BC16502062831100ECABFD /* main.m in Sources */ = {isa = PBXBuildFile; fileRef = D7BC164F2062831100ECABFD /* main.m */; };
		D7BC165A2062831100ECABFD /* JLRoutesTests.m in Sources */ = {isa = PBXBuildFile; fileRef = D7BC16592062831100ECABFD /* JLRoutesTests.m */; };
		D7BC16652062831100ECABFD /* JLRoutesUITests.m in Sources */ = {isa = PBXBuildFile; fileRef = D7BC16642062831100ECABFD /* JLRoutesUITests.m */; };
/* End PBXBuildFile section */

/* Begin PBXContainerItemProxy section */
		D7BC16562062831100ECABFD /* PBXContainerItemProxy */ = {
			isa = PBXContainerItemProxy;
			containerPortal = D7BC16352062831100ECABFD /* Project object */;
			proxyType = 1;
			remoteGlobalIDString = D7BC163C2062831100ECABFD;
			remoteInfo = JLRoutes;
		};
		D7BC16612062831100ECABFD /* PBXContainerItemProxy */ = {
			isa = PBXContainerItemProxy;
			containerPortal = D7BC16352062831100ECABFD /* Project object */;
			proxyType = 1;
			remoteGlobalIDString = D7BC163C2062831100ECABFD;
			remoteInfo = JLRoutes;
		};
/* End PBXContainerItemProxy section */

/* Begin PBXFileReference section */
		D7BC163D2062831100ECABFD /* JLRoutes.app */ = {isa = PBXFileReference; explicitFileType = wrapper.application; includeInIndex = 0; path = JLRoutes.app; sourceTree = BUILT_PRODUCTS_DIR; };
		D7BC16402062831100ECABFD /* AppDelegate.h */ = {isa = PBXFileReference; lastKnownFileType = sourcecode.c.h; path = AppDelegate.h; sourceTree = "<group>"; };
		D7BC16412062831100ECABFD /* AppDelegate.m */ = {isa = PBXFileReference; lastKnownFileType = sourcecode.c.objc; path = AppDelegate.m; sourceTree = "<group>"; };
		D7BC16432062831100ECABFD /* ViewController.h */ = {isa = PBXFileReference; lastKnownFileType = sourcecode.c.h; path = ViewController.h; sourceTree = "<group>"; };
		D7BC16442062831100ECABFD /* ViewController.m */ = {isa = PBXFileReference; lastKnownFileType = sourcecode.c.objc; path = ViewController.m; sourceTree = "<group>"; };
		D7BC16472062831100ECABFD /* Base */ = {isa = PBXFileReference; lastKnownFileType = file.storyboard; name = Base; path = Base.lproj/Main.storyboard; sourceTree = "<group>"; };
		D7BC16492062831100ECABFD /* Assets.xcassets */ = {isa = PBXFileReference; lastKnownFileType = folder.assetcatalog; path = Assets.xcassets; sourceTree = "<group>"; };
		D7BC164C2062831100ECABFD /* Base */ = {isa = PBXFileReference; lastKnownFileType = file.storyboard; name = Base; path = Base.lproj/LaunchScreen.storyboard; sourceTree = "<group>"; };
		D7BC164E2062831100ECABFD /* Info.plist */ = {isa = PBXFileReference; lastKnownFileType = text.plist.xml; path = Info.plist; sourceTree = "<group>"; };
		D7BC164F2062831100ECABFD /* main.m */ = {isa = PBXFileReference; lastKnownFileType = sourcecode.c.objc; path = main.m; sourceTree = "<group>"; };
		D7BC16552062831100ECABFD /* JLRoutesTests.xctest */ = {isa = PBXFileReference; explicitFileType = wrapper.cfbundle; includeInIndex = 0; path = JLRoutesTests.xctest; sourceTree = BUILT_PRODUCTS_DIR; };
		D7BC16592062831100ECABFD /* JLRoutesTests.m */ = {isa = PBXFileReference; lastKnownFileType = sourcecode.c.objc; path = JLRoutesTests.m; sourceTree = "<group>"; };
		D7BC165B2062831100ECABFD /* Info.plist */ = {isa = PBXFileReference; lastKnownFileType = text.plist.xml; path = Info.plist; sourceTree = "<group>"; };
		D7BC16602062831100ECABFD /* JLRoutesUITests.xctest */ = {isa = PBXFileReference; explicitFileType = wrapper.cfbundle; includeInIndex = 0; path = JLRoutesUITests.xctest; sourceTree = BUILT_PRODUCTS_DIR; };
		D7BC16642062831100ECABFD /* JLRoutesUITests.m */ = {isa = PBXFileReference; lastKnownFileType = sourcecode.c.objc; path = JLRoutesUITests.m; sourceTree = "<group>"; };
		D7BC16662062831100ECABFD /* Info.plist */ = {isa = PBXFileReference; lastKnownFileType = text.plist.xml; path = Info.plist; sourceTree = "<group>"; };
/* End PBXFileReference section */

/* Begin PBXFrameworksBuildPhase section */
		D7BC163A2062831100ECABFD /* Frameworks */ = {
			isa = PBXFrameworksBuildPhase;
			buildActionMask = 2147483647;
			files = (
			);
			runOnlyForDeploymentPostprocessing = 0;
		};
		D7BC16522062831100ECABFD /* Frameworks */ = {
			isa = PBXFrameworksBuildPhase;
			buildActionMask = 2147483647;
			files = (
			);
			runOnlyForDeploymentPostprocessing = 0;
		};
		D7BC165D2062831100ECABFD /* Frameworks */ = {
			isa = PBXFrameworksBuildPhase;
			buildActionMask = 2147483647;
			files = (
			);
			runOnlyForDeploymentPostprocessing = 0;
		};
/* End PBXFrameworksBuildPhase section */

/* Begin PBXGroup section */
		D7BC16342062831100ECABFD = {
			isa = PBXGroup;
			children = (
				D7BC163F2062831100ECABFD /* JLRoutes */,
				D7BC16582062831100ECABFD /* JLRoutesTests */,
				D7BC16632062831100ECABFD /* JLRoutesUITests */,
				D7BC163E2062831100ECABFD /* Products */,
			);
			sourceTree = "<group>";
		};
		D7BC163E2062831100ECABFD /* Products */ = {
			isa = PBXGroup;
			children = (
				D7BC163D2062831100ECABFD /* JLRoutes.app */,
				D7BC16552062831100ECABFD /* JLRoutesTests.xctest */,
				D7BC16602062831100ECABFD /* JLRoutesUITests.xctest */,
			);
			name = Products;
			sourceTree = "<group>";
		};
		D7BC163F2062831100ECABFD /* JLRoutes */ = {
			isa = PBXGroup;
			children = (
				D7BC16402062831100ECABFD /* AppDelegate.h */,
				D7BC16412062831100ECABFD /* AppDelegate.m */,
				D7BC16432062831100ECABFD /* ViewController.h */,
				D7BC16442062831100ECABFD /* ViewController.m */,
				D7BC16462062831100ECABFD /* Main.storyboard */,
				D7BC16492062831100ECABFD /* Assets.xcassets */,
				D7BC164B2062831100ECABFD /* LaunchScreen.storyboard */,
				D7BC164E2062831100ECABFD /* Info.plist */,
				D7BC164F2062831100ECABFD /* main.m */,
			);
			path = JLRoutes;
			sourceTree = "<group>";
		};
		D7BC16582062831100ECABFD /* JLRoutesTests */ = {
			isa = PBXGroup;
			children = (
				D7BC16592062831100ECABFD /* JLRoutesTests.m */,
				D7BC165B2062831100ECABFD /* Info.plist */,
			);
			path = JLRoutesTests;
			sourceTree = "<group>";
		};
		D7BC16632062831100ECABFD /* JLRoutesUITests */ = {
			isa = PBXGroup;
			children = (
				D7BC16642062831100ECABFD /* JLRoutesUITests.m */,
				D7BC16662062831100ECABFD /* Info.plist */,
			);
			path = JLRoutesUITests;
			sourceTree = "<group>";
		};
/* End PBXGroup section */

/* Begin PBXNativeTarget section */
		D7BC163C2062831100ECABFD /* JLRoutes */ = {
			isa = PBXNativeTarget;
			buildConfigurationList = D7BC16692062831100ECABFD /* Build configuration list for PBXNativeTarget "JLRoutes" */;
			buildPhases = (
				D7BC16392062831100ECABFD /* Sources */,
				D7BC163A2062831100ECABFD /* Frameworks */,
				D7BC163B2062831100ECABFD /* Resources */,
			);
			buildRules = (
			);
			dependencies = (
			);
			name = JLRoutes;
			productName = JLRoutes;
			productReference = D7BC163D2062831100ECABFD /* JLRoutes.app */;
			productType = "com.apple.product-type.application";
		};
		D7BC16542062831100ECABFD /* JLRoutesTests */ = {
			isa = PBXNativeTarget;
			buildConfigurationList = D7BC166C2062831100ECABFD /* Build configuration list for PBXNativeTarget "JLRoutesTests" */;
			buildPhases = (
				D7BC16512062831100ECABFD /* Sources */,
				D7BC16522062831100ECABFD /* Frameworks */,
				D7BC16532062831100ECABFD /* Resources */,
			);
			buildRules = (
			);
			dependencies = (
				D7BC16572062831100ECABFD /* PBXTargetDependency */,
			);
			name = JLRoutesTests;
			productName = JLRoutesTests;
			productReference = D7BC16552062831100ECABFD /* JLRoutesTests.xctest */;
			productType = "com.apple.product-type.bundle.unit-test";
		};
		D7BC165F2062831100ECABFD /* JLRoutesUITests */ = {
			isa = PBXNativeTarget;
			buildConfigurationList = D7BC166F2062831100ECABFD /* Build configuration list for PBXNativeTarget "JLRoutesUITests" */;
			buildPhases = (
				D7BC165C2062831100ECABFD /* Sources */,
				D7BC165D2062831100ECABFD /* Frameworks */,
				D7BC165E2062831100ECABFD /* Resources */,
			);
			buildRules = (
			);
			dependencies = (
				D7BC16622062831100ECABFD /* PBXTargetDependency */,
			);
			name = JLRoutesUITests;
			productName = JLRoutesUITests;
			productReference = D7BC16602062831100ECABFD /* JLRoutesUITests.xctest */;
			productType = "com.apple.product-type.bundle.ui-testing";
		};
/* End PBXNativeTarget section */

/* Begin PBXProject section */
		D7BC16352062831100ECABFD /* Project object */ = {
			isa = PBXProject;
			attributes = {
				LastUpgradeCheck = 0920;
				ORGANIZATIONNAME = Developer;
				TargetAttributes = {
					D7BC163C2062831100ECABFD = {
						CreatedOnToolsVersion = 9.2;
						ProvisioningStyle = Automatic;
					};
					D7BC16542062831100ECABFD = {
						CreatedOnToolsVersion = 9.2;
						ProvisioningStyle = Automatic;
						TestTargetID = D7BC163C2062831100ECABFD;
					};
					D7BC165F2062831100ECABFD = {
						CreatedOnToolsVersion = 9.2;
						ProvisioningStyle = Automatic;
						TestTargetID = D7BC163C2062831100ECABFD;
					};
				};
			};
			buildConfigurationList = D7BC16382062831100ECABFD /* Build configuration list for PBXProject "JLRoutes" */;
			compatibilityVersion = "Xcode 8.0";
			developmentRegion = en;
			hasScannedForEncodings = 0;
			knownRegions = (
				en,
				Base,
			);
			mainGroup = D7BC16342062831100ECABFD;
			productRefGroup = D7BC163E2062831100ECABFD /* Products */;
			projectDirPath = "";
			projectRoot = "";
			targets = (
				D7BC163C2062831100ECABFD /* JLRoutes */,
				D7BC16542062831100ECABFD /* JLRoutesTests */,
				D7BC165F2062831100ECABFD /* JLRoutesUITests */,
			);
		};
/* End PBXProject section */

/* Begin PBXResourcesBuildPhase section */
		D7BC163B2062831100ECABFD /* Resources */ = {
			isa = PBXResourcesBuildPhase;
			buildActionMask = 2147483647;
			files = (
				D7BC164D2062831100ECABFD /* LaunchScreen.storyboard in Resources */,
				D7BC164A2062831100ECABFD /* Assets.xcassets in Resources */,
				D7BC16482062831100ECABFD /* Main.storyboard in Resources */,
			);
			runOnlyForDeploymentPostprocessing = 0;
		};
		D7BC16532062831100ECABFD /* Resources */ = {
			isa = PBXResourcesBuildPhase;
			buildActionMask = 2147483647;
			files = (
			);
			runOnlyForDeploymentPostprocessing = 0;
		};
		D7BC165E2062831100ECABFD /* Resources */ = {
			isa = PBXResourcesBuildPhase;
			buildActionMask = 2147483647;
			files = (
			);
			runOnlyForDeploymentPostprocessing = 0;
		};
/* End PBXResourcesBuildPhase section */

/* Begin PBXSourcesBuildPhase section */
		D7BC16392062831100ECABFD /* Sources */ = {
			isa = PBXSourcesBuildPhase;
			buildActionMask = 2147483647;
			files = (
				D7BC16452062831100ECABFD /* ViewController.m in Sources */,
				D7BC16502062831100ECABFD /* main.m in Sources */,
				D7BC16422062831100ECABFD /* AppDelegate.m in Sources */,
			);
			runOnlyForDeploymentPostprocessing = 0;
		};
		D7BC16512062831100ECABFD /* Sources */ = {
			isa = PBXSourcesBuildPhase;
			buildActionMask = 2147483647;
			files = (
				D7BC165A2062831100ECABFD /* JLRoutesTests.m in Sources */,
			);
			runOnlyForDeploymentPostprocessing = 0;
		};
		D7BC165C2062831100ECABFD /* Sources */ = {
			isa = PBXSourcesBuildPhase;
			buildActionMask = 2147483647;
			files = (
				D7BC16652062831100ECABFD /* JLRoutesUITests.m in Sources */,
			);
			runOnlyForDeploymentPostprocessing = 0;
		};
/* End PBXSourcesBuildPhase section */

/* Begin PBXTargetDependency section */
		D7BC16572062831100ECABFD /* PBXTargetDependency */ = {
			isa = PBXTargetDependency;
			target = D7BC163C2062831100ECABFD /* JLRoutes */;
			targetProxy = D7BC16562062831100ECABFD /* PBXContainerItemProxy */;
		};
		D7BC16622062831100ECABFD /* PBXTargetDependency */ = {
			isa = PBXTargetDependency;
			target = D7BC163C2062831100ECABFD /* JLRoutes */;
			targetProxy = D7BC16612062831100ECABFD /* PBXContainerItemProxy */;
		};
/* End PBXTargetDependency section */

/* Begin PBXVariantGroup section */
		D7BC16462062831100ECABFD /* Main.storyboard */ = {
			isa = PBXVariantGroup;
			children = (
				D7BC16472062831100ECABFD /* Base */,
			);
			name = Main.storyboard;
			sourceTree = "<group>";
		};
		D7BC164B2062831100ECABFD /* LaunchScreen.storyboard */ = {
			isa = PBXVariantGroup;
			children = (
				D7BC164C2062831100ECABFD /* Base */,
			);
			name = LaunchScreen.storyboard;
			sourceTree = "<group>";
		};
/* End PBXVariantGroup section */

/* Begin XCBuildConfiguration section */
		D7BC16672062831100ECABFD /* Debug */ = {
			isa = XCBuildConfiguration;
			buildSettings = {
				ALWAYS_SEARCH_USER_PATHS = NO;
				CLANG_ANALYZER_NONNULL = YES;
				CLANG_ANALYZER_NUMBER_OBJECT_CONVERSION = YES_AGGRESSIVE;
				CLANG_CXX_LANGUAGE_STANDARD = "gnu++14";
				CLANG_CXX_LIBRARY = "libc++";
				CLANG_ENABLE_MODULES = YES;
				CLANG_ENABLE_OBJC_ARC = YES;
				CLANG_WARN_BLOCK_CAPTURE_AUTORELEASING = YES;
				CLANG_WARN_BOOL_CONVERSION = YES;
				CLANG_WARN_COMMA = YES;
				CLANG_WARN_CONSTANT_CONVERSION = YES;
				CLANG_WARN_DIRECT_OBJC_ISA_USAGE = YES_ERROR;
				CLANG_WARN_DOCUMENTATION_COMMENTS = YES;
				CLANG_WARN_EMPTY_BODY = YES;
				CLANG_WARN_ENUM_CONVERSION = YES;
				CLANG_WARN_INFINITE_RECURSION = YES;
				CLANG_WARN_INT_CONVERSION = YES;
				CLANG_WARN_NON_LITERAL_NULL_CONVERSION = YES;
				CLANG_WARN_OBJC_LITERAL_CONVERSION = YES;
				CLANG_WARN_OBJC_ROOT_CLASS = YES_ERROR;
				CLANG_WARN_RANGE_LOOP_ANALYSIS = YES;
				CLANG_WARN_STRICT_PROTOTYPES = YES;
				CLANG_WARN_SUSPICIOUS_MOVE = YES;
				CLANG_WARN_UNGUARDED_AVAILABILITY = YES_AGGRESSIVE;
				CLANG_WARN_UNREACHABLE_CODE = YES;
				CLANG_WARN__DUPLICATE_METHOD_MATCH = YES;
				CODE_SIGN_IDENTITY = "iPhone Developer";
				COPY_PHASE_STRIP = NO;
				DEBUG_INFORMATION_FORMAT = dwarf;
				ENABLE_STRICT_OBJC_MSGSEND = YES;
				ENABLE_TESTABILITY = YES;
				GCC_C_LANGUAGE_STANDARD = gnu11;
				GCC_DYNAMIC_NO_PIC = NO;
				GCC_NO_COMMON_BLOCKS = YES;
				GCC_OPTIMIZATION_LEVEL = 0;
				GCC_PREPROCESSOR_DEFINITIONS = (
					"DEBUG=1",
					"$(inherited)",
				);
				GCC_WARN_64_TO_32_BIT_CONVERSION = YES;
				GCC_WARN_ABOUT_RETURN_TYPE = YES_ERROR;
				GCC_WARN_UNDECLARED_SELECTOR = YES;
				GCC_WARN_UNINITIALIZED_AUTOS = YES_AGGRESSIVE;
				GCC_WARN_UNUSED_FUNCTION = YES;
				GCC_WARN_UNUSED_VARIABLE = YES;
				IPHONEOS_DEPLOYMENT_TARGET = 11.2;
				MTL_ENABLE_DEBUG_INFO = YES;
				ONLY_ACTIVE_ARCH = YES;
				SDKROOT = iphoneos;
			};
			name = Debug;
		};
		D7BC16682062831100ECABFD /* Release */ = {
			isa = XCBuildConfiguration;
			buildSettings = {
				ALWAYS_SEARCH_USER_PATHS = NO;
				CLANG_ANALYZER_NONNULL = YES;
				CLANG_ANALYZER_NUMBER_OBJECT_CONVERSION = YES_AGGRESSIVE;
				CLANG_CXX_LANGUAGE_STANDARD = "gnu++14";
				CLANG_CXX_LIBRARY = "libc++";
				CLANG_ENABLE_MODULES = YES;
				CLANG_ENABLE_OBJC_ARC = YES;
				CLANG_WARN_BLOCK_CAPTURE_AUTORELEASING = YES;
				CLANG_WARN_BOOL_CONVERSION = YES;
				CLANG_WARN_COMMA = YES;
				CLANG_WARN_CONSTANT_CONVERSION = YES;
				CLANG_WARN_DIRECT_OBJC_ISA_USAGE = YES_ERROR;
				CLANG_WARN_DOCUMENTATION_COMMENTS = YES;
				CLANG_WARN_EMPTY_BODY = YES;
				CLANG_WARN_ENUM_CONVERSION = YES;
				CLANG_WARN_INFINITE_RECURSION = YES;
				CLANG_WARN_INT_CONVERSION = YES;
				CLANG_WARN_NON_LITERAL_NULL_CONVERSION = YES;
				CLANG_WARN_OBJC_LITERAL_CONVERSION = YES;
				CLANG_WARN_OBJC_ROOT_CLASS = YES_ERROR;
				CLANG_WARN_RANGE_LOOP_ANALYSIS = YES;
				CLANG_WARN_STRICT_PROTOTYPES = YES;
				CLANG_WARN_SUSPICIOUS_MOVE = YES;
				CLANG_WARN_UNGUARDED_AVAILABILITY = YES_AGGRESSIVE;
				CLANG_WARN_UNREACHABLE_CODE = YES;
				CLANG_WARN__DUPLICATE_METHOD_MATCH = YES;
				CODE_SIGN_IDENTITY = "iPhone Developer";
				COPY_PHASE_STRIP = NO;
				DEBUG_INFORMATION_FORMAT = "dwarf-with-dsym";
				ENABLE_NS_ASSERTIONS = NO;
				ENABLE_STRICT_OBJC_MSGSEND = YES;
				GCC_C_LANGUAGE_STANDARD = gnu11;
				GCC_NO_COMMON_BLOCKS = YES;
				GCC_WARN_64_TO_32_BIT_CONVERSION = YES;
				GCC_WARN_ABOUT_RETURN_TYPE = YES_ERROR;
				GCC_WARN_UNDECLARED_SELECTOR = YES;
				GCC_WARN_UNINITIALIZED_AUTOS = YES_AGGRESSIVE;
				GCC_WARN_UNUSED_FUNCTION = YES;
				GCC_WARN_UNUSED_VARIABLE = YES;
				IPHONEOS_DEPLOYMENT_TARGET = 11.2;
				MTL_ENABLE_DEBUG_INFO = NO;
				SDKROOT = iphoneos;
				VALIDATE_PRODUCT = YES;
			};
			name = Release;
		};
		D7BC166A2062831100ECABFD /* Debug */ = {
			isa = XCBuildConfiguration;
			buildSettings = {
				ASSETCATALOG_COMPILER_APPICON_NAME = AppIcon;
				CODE_SIGN_STYLE = Automatic;
				INFOPLIST_FILE = JLRoutes/Info.plist;
				LD_RUNPATH_SEARCH_PATHS = "$(inherited) @executable_path/Frameworks";
				PRODUCT_BUNDLE_IDENTIFIER = hhhhhh.JLRoutes;
				PRODUCT_NAME = "$(TARGET_NAME)";
				TARGETED_DEVICE_FAMILY = "1,2";
			};
			name = Debug;
		};
		D7BC166B2062831100ECABFD /* Release */ = {
			isa = XCBuildConfiguration;
			buildSettings = {
				ASSETCATALOG_COMPILER_APPICON_NAME = AppIcon;
				CODE_SIGN_STYLE = Automatic;
				INFOPLIST_FILE = JLRoutes/Info.plist;
				LD_RUNPATH_SEARCH_PATHS = "$(inherited) @executable_path/Frameworks";
				PRODUCT_BUNDLE_IDENTIFIER = hhhhhh.JLRoutes;
				PRODUCT_NAME = "$(TARGET_NAME)";
				TARGETED_DEVICE_FAMILY = "1,2";
			};
			name = Release;
		};
		D7BC166D2062831100ECABFD /* Debug */ = {
			isa = XCBuildConfiguration;
			buildSettings = {
				BUNDLE_LOADER = "$(TEST_HOST)";
				CODE_SIGN_STYLE = Automatic;
				INFOPLIST_FILE = JLRoutesTests/Info.plist;
				LD_RUNPATH_SEARCH_PATHS = "$(inherited) @executable_path/Frameworks @loader_path/Frameworks";
				PRODUCT_BUNDLE_IDENTIFIER = hhhhhh.JLRoutesTests;
				PRODUCT_NAME = "$(TARGET_NAME)";
				TARGETED_DEVICE_FAMILY = "1,2";
				TEST_HOST = "$(BUILT_PRODUCTS_DIR)/JLRoutes.app/JLRoutes";
			};
			name = Debug;
		};
		D7BC166E2062831100ECABFD /* Release */ = {
			isa = XCBuildConfiguration;
			buildSettings = {
				BUNDLE_LOADER = "$(TEST_HOST)";
				CODE_SIGN_STYLE = Automatic;
				INFOPLIST_FILE = JLRoutesTests/Info.plist;
				LD_RUNPATH_SEARCH_PATHS = "$(inherited) @executable_path/Frameworks @loader_path/Frameworks";
				PRODUCT_BUNDLE_IDENTIFIER = hhhhhh.JLRoutesTests;
				PRODUCT_NAME = "$(TARGET_NAME)";
				TARGETED_DEVICE_FAMILY = "1,2";
				TEST_HOST = "$(BUILT_PRODUCTS_DIR)/JLRoutes.app/JLRoutes";
			};
			name = Release;
		};
		D7BC16702062831100ECABFD /* Debug */ = {
			isa = XCBuildConfiguration;
			buildSettings = {
				CODE_SIGN_STYLE = Automatic;
				INFOPLIST_FILE = JLRoutesUITests/Info.plist;
				LD_RUNPATH_SEARCH_PATHS = "$(inherited) @executable_path/Frameworks @loader_path/Frameworks";
				PRODUCT_BUNDLE_IDENTIFIER = hhhhhh.JLRoutesUITests;
				PRODUCT_NAME = "$(TARGET_NAME)";
				TARGETED_DEVICE_FAMILY = "1,2";
				TEST_TARGET_NAME = JLRoutes;
			};
			name = Debug;
		};
		D7BC16712062831100ECABFD /* Release */ = {
			isa = XCBuildConfiguration;
			buildSettings = {
				CODE_SIGN_STYLE = Automatic;
				INFOPLIST_FILE = JLRoutesUITests/Info.plist;
				LD_RUNPATH_SEARCH_PATHS = "$(inherited) @executable_path/Frameworks @loader_path/Frameworks";
				PRODUCT_BUNDLE_IDENTIFIER = hhhhhh.JLRoutesUITests;
				PRODUCT_NAME = "$(TARGET_NAME)";
				TARGETED_DEVICE_FAMILY = "1,2";
				TEST_TARGET_NAME = JLRoutes;
			};
			name = Release;
		};
/* End XCBuildConfiguration section */

/* Begin XCConfigurationList section */
		D7BC16382062831100ECABFD /* Build configuration list for PBXProject "JLRoutes" */ = {
			isa = XCConfigurationList;
			buildConfigurations = (
				D7BC16672062831100ECABFD /* Debug */,
				D7BC16682062831100ECABFD /* Release */,
			);
			defaultConfigurationIsVisible = 0;
			defaultConfigurationName = Release;
		};
		D7BC16692062831100ECABFD /* Build configuration list for PBXNativeTarget "JLRoutes" */ = {
			isa = XCConfigurationList;
			buildConfigurations = (
				D7BC166A2062831100ECABFD /* Debug */,
				D7BC166B2062831100ECABFD /* Release */,
			);
			defaultConfigurationIsVisible = 0;
			defaultConfigurationName = Release;
		};
		D7BC166C2062831100ECABFD /* Build configuration list for PBXNativeTarget "JLRoutesTests" */ = {
			isa = XCConfigurationList;
			buildConfigurations = (
				D7BC166D2062831100ECABFD /* Debug */,
				D7BC166E2062831100ECABFD /* Release */,
			);
			defaultConfigurationIsVisible = 0;
			defaultConfigurationName = Release;
		};
		D7BC166F2062831100ECABFD /* Build configuration list for PBXNativeTarget "JLRoutesUITests" */ = {
			isa = XCConfigurationList;
			buildConfigurations = (
				D7BC16702062831100ECABFD /* Debug */,
				D7BC16712062831100ECABFD /* Release */,
			);
			defaultConfigurationIsVisible = 0;
			defaultConfigurationName = Release;
		};
/* End XCConfigurationList section */
	};
	rootObject = D7BC16352062831100ECABFD /* Project object */;
}
